// !$*UTF8*$!
{
	archiveVersion = 1;
	classes = {
	};
	objectVersion = 46;
	objects = {

/* Begin PBXBuildFile section */
		1C4F313C0EFD9C1306DB43EC /* Pods_FaceHangman.framework in Frameworks */ = {isa = PBXBuildFile; fileRef = F8043F81F0CEB7B7024DD91C /* Pods_FaceHangman.framework */; };
		EA0BA1181EDC24A30005E7D2 /* tick.aiff in Resources */ = {isa = PBXBuildFile; fileRef = EA0BA1171EDC24A30005E7D2 /* tick.aiff */; };
		EA0BA11A1EDC270B0005E7D2 /* blink.aiff in Resources */ = {isa = PBXBuildFile; fileRef = EA0BA1191EDC270B0005E7D2 /* blink.aiff */; };
		EA12D4431ED40B750070D1F0 /* AppDelegate.swift in Sources */ = {isa = PBXBuildFile; fileRef = EA12D4421ED40B750070D1F0 /* AppDelegate.swift */; };
		EA12D4451ED40B750070D1F0 /* ViewController.swift in Sources */ = {isa = PBXBuildFile; fileRef = EA12D4441ED40B750070D1F0 /* ViewController.swift */; };
		EA12D44A1ED40B750070D1F0 /* Assets.xcassets in Resources */ = {isa = PBXBuildFile; fileRef = EA12D4491ED40B750070D1F0 /* Assets.xcassets */; };
		EA12D4551ED40BAD0070D1F0 /* FaceDetector.swift in Sources */ = {isa = PBXBuildFile; fileRef = EA12D4541ED40BAD0070D1F0 /* FaceDetector.swift */; };
		EA12D4571ED40BDC0070D1F0 /* HangmanGame.swift in Sources */ = {isa = PBXBuildFile; fileRef = EA12D4561ED40BDC0070D1F0 /* HangmanGame.swift */; };
		EA27857A1EEF0FEE00C15FDE /* lost.aiff in Resources */ = {isa = PBXBuildFile; fileRef = EA2785781EEF0FEE00C15FDE /* lost.aiff */; };
		EA27857B1EEF0FEE00C15FDE /* won.aiff in Resources */ = {isa = PBXBuildFile; fileRef = EA2785791EEF0FEE00C15FDE /* won.aiff */; };
		EAB4139B1EF0116A00F5EB0E /* Settings.bundle in Resources */ = {isa = PBXBuildFile; fileRef = EAB4139A1EF0116A00F5EB0E /* Settings.bundle */; };
		EAD02ABE1EEC6EB300AE6B73 /* LaunchScreen.storyboard in Resources */ = {isa = PBXBuildFile; fileRef = EAD02ABD1EEC6EB300AE6B73 /* LaunchScreen.storyboard */; };
		EAE1271A1ED77FA500F72E0A /* FaceDetectorFilter.swift in Sources */ = {isa = PBXBuildFile; fileRef = EAE127191ED77FA500F72E0A /* FaceDetectorFilter.swift */; };
		EAE7CF701EF329270035AFB9 /* hangman_0.png in Resources */ = {isa = PBXBuildFile; fileRef = EAE7CF661EF329270035AFB9 /* hangman_0.png */; };
		EAE7CF711EF329270035AFB9 /* hangman_1.png in Resources */ = {isa = PBXBuildFile; fileRef = EAE7CF671EF329270035AFB9 /* hangman_1.png */; };
		EAE7CF721EF329270035AFB9 /* hangman_2.png in Resources */ = {isa = PBXBuildFile; fileRef = EAE7CF681EF329270035AFB9 /* hangman_2.png */; };
		EAE7CF731EF329270035AFB9 /* hangman_3.png in Resources */ = {isa = PBXBuildFile; fileRef = EAE7CF691EF329270035AFB9 /* hangman_3.png */; };
		EAE7CF741EF329270035AFB9 /* hangman_4.png in Resources */ = {isa = PBXBuildFile; fileRef = EAE7CF6A1EF329270035AFB9 /* hangman_4.png */; };
		EAE7CF751EF329270035AFB9 /* hangman_5.png in Resources */ = {isa = PBXBuildFile; fileRef = EAE7CF6B1EF329270035AFB9 /* hangman_5.png */; };
		EAE7CF761EF329270035AFB9 /* hangman_6.png in Resources */ = {isa = PBXBuildFile; fileRef = EAE7CF6C1EF329270035AFB9 /* hangman_6.png */; };
		EAE7CF771EF329270035AFB9 /* hangman_7.png in Resources */ = {isa = PBXBuildFile; fileRef = EAE7CF6D1EF329270035AFB9 /* hangman_7.png */; };
		EAE7CF781EF329270035AFB9 /* hangman_8.png in Resources */ = {isa = PBXBuildFile; fileRef = EAE7CF6E1EF329270035AFB9 /* hangman_8.png */; };
		EAE7CF791EF329270035AFB9 /* hangman_9.png in Resources */ = {isa = PBXBuildFile; fileRef = EAE7CF6F1EF329270035AFB9 /* hangman_9.png */; };
		EAE7CF7B1EF329320035AFB9 /* faceMask.png in Resources */ = {isa = PBXBuildFile; fileRef = EAE7CF7A1EF329320035AFB9 /* faceMask.png */; };
		EAE7CF831EF329540035AFB9 /* leftEye_AlmostClose.gif in Resources */ = {isa = PBXBuildFile; fileRef = EAE7CF7C1EF329540035AFB9 /* leftEye_AlmostClose.gif */; };
		EAE7CF841EF329540035AFB9 /* leftEye_AlmostOpen.gif in Resources */ = {isa = PBXBuildFile; fileRef = EAE7CF7D1EF329540035AFB9 /* leftEye_AlmostOpen.gif */; };
		EAE7CF851EF329540035AFB9 /* leftEye_Blinking.gif in Resources */ = {isa = PBXBuildFile; fileRef = EAE7CF7E1EF329540035AFB9 /* leftEye_Blinking.gif */; };
		EAE7CF861EF329540035AFB9 /* leftEye_Close.gif in Resources */ = {isa = PBXBuildFile; fileRef = EAE7CF7F1EF329540035AFB9 /* leftEye_Close.gif */; };
		EAE7CF871EF329540035AFB9 /* leftEye_Closing.gif in Resources */ = {isa = PBXBuildFile; fileRef = EAE7CF801EF329540035AFB9 /* leftEye_Closing.gif */; };
		EAE7CF881EF329540035AFB9 /* leftEye_Open.gif in Resources */ = {isa = PBXBuildFile; fileRef = EAE7CF811EF329540035AFB9 /* leftEye_Open.gif */; };
		EAE7CF891EF329540035AFB9 /* leftEye_Opening.gif in Resources */ = {isa = PBXBuildFile; fileRef = EAE7CF821EF329540035AFB9 /* leftEye_Opening.gif */; };
		EAE7CF911EF329600035AFB9 /* rightEye_AlmostClose.gif in Resources */ = {isa = PBXBuildFile; fileRef = EAE7CF8A1EF329600035AFB9 /* rightEye_AlmostClose.gif */; };
		EAE7CF921EF329600035AFB9 /* rightEye_AlmostOpen.gif in Resources */ = {isa = PBXBuildFile; fileRef = EAE7CF8B1EF329600035AFB9 /* rightEye_AlmostOpen.gif */; };
		EAE7CF931EF329600035AFB9 /* rightEye_Blinking.gif in Resources */ = {isa = PBXBuildFile; fileRef = EAE7CF8C1EF329600035AFB9 /* rightEye_Blinking.gif */; };
		EAE7CF941EF329600035AFB9 /* rightEye_Close.gif in Resources */ = {isa = PBXBuildFile; fileRef = EAE7CF8D1EF329600035AFB9 /* rightEye_Close.gif */; };
		EAE7CF951EF329600035AFB9 /* rightEye_Closing.gif in Resources */ = {isa = PBXBuildFile; fileRef = EAE7CF8E1EF329600035AFB9 /* rightEye_Closing.gif */; };
		EAE7CF961EF329600035AFB9 /* rightEye_Open.gif in Resources */ = {isa = PBXBuildFile; fileRef = EAE7CF8F1EF329600035AFB9 /* rightEye_Open.gif */; };
		EAE7CF971EF329600035AFB9 /* rightEye_Opening.gif in Resources */ = {isa = PBXBuildFile; fileRef = EAE7CF901EF329600035AFB9 /* rightEye_Opening.gif */; };
		EAE7CFA31EF3297E0035AFB9 /* help_0.png in Resources */ = {isa = PBXBuildFile; fileRef = EAE7CF981EF3297E0035AFB9 /* help_0.png */; };
		EAE7CFA41EF3297E0035AFB9 /* help_1.png in Resources */ = {isa = PBXBuildFile; fileRef = EAE7CF991EF3297E0035AFB9 /* help_1.png */; };
		EAE7CFA51EF3297E0035AFB9 /* help_2.png in Resources */ = {isa = PBXBuildFile; fileRef = EAE7CF9A1EF3297E0035AFB9 /* help_2.png */; };
		EAE7CFA61EF3297E0035AFB9 /* help_3.png in Resources */ = {isa = PBXBuildFile; fileRef = EAE7CF9B1EF3297E0035AFB9 /* help_3.png */; };
		EAE7CFA71EF3297E0035AFB9 /* help_4.png in Resources */ = {isa = PBXBuildFile; fileRef = EAE7CF9C1EF3297E0035AFB9 /* help_4.png */; };
		EAE7CFA81EF3297E0035AFB9 /* help_5.png in Resources */ = {isa = PBXBuildFile; fileRef = EAE7CF9D1EF3297E0035AFB9 /* help_5.png */; };
		EAE7CFA91EF3297E0035AFB9 /* help_6.png in Resources */ = {isa = PBXBuildFile; fileRef = EAE7CF9E1EF3297E0035AFB9 /* help_6.png */; };
		EAE7CFAA1EF3297E0035AFB9 /* help_7.png in Resources */ = {isa = PBXBuildFile; fileRef = EAE7CF9F1EF3297E0035AFB9 /* help_7.png */; };
		EAE7CFAB1EF3297E0035AFB9 /* help_8.png in Resources */ = {isa = PBXBuildFile; fileRef = EAE7CFA01EF3297E0035AFB9 /* help_8.png */; };
		EAE7CFAC1EF3297E0035AFB9 /* help_9.png in Resources */ = {isa = PBXBuildFile; fileRef = EAE7CFA11EF3297E0035AFB9 /* help_9.png */; };
		EAE7CFAD1EF3297E0035AFB9 /* help_10.png in Resources */ = {isa = PBXBuildFile; fileRef = EAE7CFA21EF3297E0035AFB9 /* help_10.png */; };
		EAE7CFB31EF32D190035AFB9 /* splash.jpg in Resources */ = {isa = PBXBuildFile; fileRef = EAE7CFB21EF32D190035AFB9 /* splash.jpg */; };
		EAE9DBC81EDF138700416A03 /* buzzer.aiff in Resources */ = {isa = PBXBuildFile; fileRef = EAE9DBC71EDF138700416A03 /* buzzer.aiff */; };
/* End PBXBuildFile section */

/* Begin PBXFileReference section */
		67957BD766C4A97413DA46DC /* Pods-FaceHangman.release.xcconfig */ = {isa = PBXFileReference; includeInIndex = 1; lastKnownFileType = text.xcconfig; name = "Pods-FaceHangman.release.xcconfig"; path = "Pods/Target Support Files/Pods-FaceHangman/Pods-FaceHangman.release.xcconfig"; sourceTree = "<group>"; };
		D4D2102B49D7CC27E147FBCD /* Pods-FaceHangman.debug.xcconfig */ = {isa = PBXFileReference; includeInIndex = 1; lastKnownFileType = text.xcconfig; name = "Pods-FaceHangman.debug.xcconfig"; path = "Pods/Target Support Files/Pods-FaceHangman/Pods-FaceHangman.debug.xcconfig"; sourceTree = "<group>"; };
		EA0BA1171EDC24A30005E7D2 /* tick.aiff */ = {isa = PBXFileReference; lastKnownFileType = audio.aiff; path = tick.aiff; sourceTree = "<group>"; };
		EA0BA1191EDC270B0005E7D2 /* blink.aiff */ = {isa = PBXFileReference; lastKnownFileType = audio.aiff; path = blink.aiff; sourceTree = "<group>"; };
		EA12D43F1ED40B750070D1F0 /* FaceHangman.app */ = {isa = PBXFileReference; explicitFileType = wrapper.application; includeInIndex = 0; path = FaceHangman.app; sourceTree = BUILT_PRODUCTS_DIR; };
		EA12D4421ED40B750070D1F0 /* AppDelegate.swift */ = {isa = PBXFileReference; lastKnownFileType = sourcecode.swift; path = AppDelegate.swift; sourceTree = "<group>"; };
		EA12D4441ED40B750070D1F0 /* ViewController.swift */ = {isa = PBXFileReference; lastKnownFileType = sourcecode.swift; path = ViewController.swift; sourceTree = "<group>"; };
		EA12D4491ED40B750070D1F0 /* Assets.xcassets */ = {isa = PBXFileReference; lastKnownFileType = folder.assetcatalog; name = Assets.xcassets; path = FaceHangman/Assets.xcassets; sourceTree = "<group>"; };
		EA12D44E1ED40B750070D1F0 /* Info.plist */ = {isa = PBXFileReference; lastKnownFileType = text.plist.xml; name = Info.plist; path = FaceHangman/Info.plist; sourceTree = "<group>"; };
		EA12D4541ED40BAD0070D1F0 /* FaceDetector.swift */ = {isa = PBXFileReference; fileEncoding = 4; lastKnownFileType = sourcecode.swift; path = FaceDetector.swift; sourceTree = "<group>"; };
		EA12D4561ED40BDC0070D1F0 /* HangmanGame.swift */ = {isa = PBXFileReference; fileEncoding = 4; lastKnownFileType = sourcecode.swift; path = HangmanGame.swift; sourceTree = "<group>"; };
		EA2785781EEF0FEE00C15FDE /* lost.aiff */ = {isa = PBXFileReference; lastKnownFileType = audio.aiff; path = lost.aiff; sourceTree = "<group>"; };
		EA2785791EEF0FEE00C15FDE /* won.aiff */ = {isa = PBXFileReference; lastKnownFileType = audio.aiff; path = won.aiff; sourceTree = "<group>"; };
		EAB4139A1EF0116A00F5EB0E /* Settings.bundle */ = {isa = PBXFileReference; lastKnownFileType = "wrapper.plug-in"; path = Settings.bundle; sourceTree = "<group>"; };
		EAD02ABD1EEC6EB300AE6B73 /* LaunchScreen.storyboard */ = {isa = PBXFileReference; fileEncoding = 4; lastKnownFileType = file.storyboard; name = LaunchScreen.storyboard; path = FaceHangman/LaunchScreen.storyboard; sourceTree = "<group>"; };
		EAE127191ED77FA500F72E0A /* FaceDetectorFilter.swift */ = {isa = PBXFileReference; fileEncoding = 4; lastKnownFileType = sourcecode.swift; path = FaceDetectorFilter.swift; sourceTree = "<group>"; };
		EAE7CF661EF329270035AFB9 /* hangman_0.png */ = {isa = PBXFileReference; lastKnownFileType = image.png; name = hangman_0.png; path = Assets/hangman/hangman_0.png; sourceTree = "<group>"; };
		EAE7CF671EF329270035AFB9 /* hangman_1.png */ = {isa = PBXFileReference; lastKnownFileType = image.png; name = hangman_1.png; path = Assets/hangman/hangman_1.png; sourceTree = "<group>"; };
		EAE7CF681EF329270035AFB9 /* hangman_2.png */ = {isa = PBXFileReference; lastKnownFileType = image.png; name = hangman_2.png; path = Assets/hangman/hangman_2.png; sourceTree = "<group>"; };
		EAE7CF691EF329270035AFB9 /* hangman_3.png */ = {isa = PBXFileReference; lastKnownFileType = image.png; name = hangman_3.png; path = Assets/hangman/hangman_3.png; sourceTree = "<group>"; };
		EAE7CF6A1EF329270035AFB9 /* hangman_4.png */ = {isa = PBXFileReference; lastKnownFileType = image.png; name = hangman_4.png; path = Assets/hangman/hangman_4.png; sourceTree = "<group>"; };
		EAE7CF6B1EF329270035AFB9 /* hangman_5.png */ = {isa = PBXFileReference; lastKnownFileType = image.png; name = hangman_5.png; path = Assets/hangman/hangman_5.png; sourceTree = "<group>"; };
		EAE7CF6C1EF329270035AFB9 /* hangman_6.png */ = {isa = PBXFileReference; lastKnownFileType = image.png; name = hangman_6.png; path = Assets/hangman/hangman_6.png; sourceTree = "<group>"; };
		EAE7CF6D1EF329270035AFB9 /* hangman_7.png */ = {isa = PBXFileReference; lastKnownFileType = image.png; name = hangman_7.png; path = Assets/hangman/hangman_7.png; sourceTree = "<group>"; };
		EAE7CF6E1EF329270035AFB9 /* hangman_8.png */ = {isa = PBXFileReference; lastKnownFileType = image.png; name = hangman_8.png; path = Assets/hangman/hangman_8.png; sourceTree = "<group>"; };
		EAE7CF6F1EF329270035AFB9 /* hangman_9.png */ = {isa = PBXFileReference; lastKnownFileType = image.png; name = hangman_9.png; path = Assets/hangman/hangman_9.png; sourceTree = "<group>"; };
		EAE7CF7A1EF329320035AFB9 /* faceMask.png */ = {isa = PBXFileReference; lastKnownFileType = image.png; name = faceMask.png; path = Assets/faceMask.png; sourceTree = "<group>"; };
		EAE7CF7C1EF329540035AFB9 /* leftEye_AlmostClose.gif */ = {isa = PBXFileReference; lastKnownFileType = image.gif; name = leftEye_AlmostClose.gif; path = Assets/left/leftEye_AlmostClose.gif; sourceTree = "<group>"; };
		EAE7CF7D1EF329540035AFB9 /* leftEye_AlmostOpen.gif */ = {isa = PBXFileReference; lastKnownFileType = image.gif; name = leftEye_AlmostOpen.gif; path = Assets/left/leftEye_AlmostOpen.gif; sourceTree = "<group>"; };
		EAE7CF7E1EF329540035AFB9 /* leftEye_Blinking.gif */ = {isa = PBXFileReference; lastKnownFileType = image.gif; name = leftEye_Blinking.gif; path = Assets/left/leftEye_Blinking.gif; sourceTree = "<group>"; };
		EAE7CF7F1EF329540035AFB9 /* leftEye_Close.gif */ = {isa = PBXFileReference; lastKnownFileType = image.gif; name = leftEye_Close.gif; path = Assets/left/leftEye_Close.gif; sourceTree = "<group>"; };
		EAE7CF801EF329540035AFB9 /* leftEye_Closing.gif */ = {isa = PBXFileReference; lastKnownFileType = image.gif; name = leftEye_Closing.gif; path = Assets/left/leftEye_Closing.gif; sourceTree = "<group>"; };
		EAE7CF811EF329540035AFB9 /* leftEye_Open.gif */ = {isa = PBXFileReference; lastKnownFileType = image.gif; name = leftEye_Open.gif; path = Assets/left/leftEye_Open.gif; sourceTree = "<group>"; };
		EAE7CF821EF329540035AFB9 /* leftEye_Opening.gif */ = {isa = PBXFileReference; lastKnownFileType = image.gif; name = leftEye_Opening.gif; path = Assets/left/leftEye_Opening.gif; sourceTree = "<group>"; };
		EAE7CF8A1EF329600035AFB9 /* rightEye_AlmostClose.gif */ = {isa = PBXFileReference; lastKnownFileType = image.gif; name = rightEye_AlmostClose.gif; path = Assets/right/rightEye_AlmostClose.gif; sourceTree = "<group>"; };
		EAE7CF8B1EF329600035AFB9 /* rightEye_AlmostOpen.gif */ = {isa = PBXFileReference; lastKnownFileType = image.gif; name = rightEye_AlmostOpen.gif; path = Assets/right/rightEye_AlmostOpen.gif; sourceTree = "<group>"; };
		EAE7CF8C1EF329600035AFB9 /* rightEye_Blinking.gif */ = {isa = PBXFileReference; lastKnownFileType = image.gif; name = rightEye_Blinking.gif; path = Assets/right/rightEye_Blinking.gif; sourceTree = "<group>"; };
		EAE7CF8D1EF329600035AFB9 /* rightEye_Close.gif */ = {isa = PBXFileReference; lastKnownFileType = image.gif; name = rightEye_Close.gif; path = Assets/right/rightEye_Close.gif; sourceTree = "<group>"; };
		EAE7CF8E1EF329600035AFB9 /* rightEye_Closing.gif */ = {isa = PBXFileReference; lastKnownFileType = image.gif; name = rightEye_Closing.gif; path = Assets/right/rightEye_Closing.gif; sourceTree = "<group>"; };
		EAE7CF8F1EF329600035AFB9 /* rightEye_Open.gif */ = {isa = PBXFileReference; lastKnownFileType = image.gif; name = rightEye_Open.gif; path = Assets/right/rightEye_Open.gif; sourceTree = "<group>"; };
		EAE7CF901EF329600035AFB9 /* rightEye_Opening.gif */ = {isa = PBXFileReference; lastKnownFileType = image.gif; name = rightEye_Opening.gif; path = Assets/right/rightEye_Opening.gif; sourceTree = "<group>"; };
		EAE7CF981EF3297E0035AFB9 /* help_0.png */ = {isa = PBXFileReference; lastKnownFileType = image.png; name = help_0.png; path = Assets/help/help_0.png; sourceTree = "<group>"; };
		EAE7CF991EF3297E0035AFB9 /* help_1.png */ = {isa = PBXFileReference; lastKnownFileType = image.png; name = help_1.png; path = Assets/help/help_1.png; sourceTree = "<group>"; };
		EAE7CF9A1EF3297E0035AFB9 /* help_2.png */ = {isa = PBXFileReference; lastKnownFileType = image.png; name = help_2.png; path = Assets/help/help_2.png; sourceTree = "<group>"; };
		EAE7CF9B1EF3297E0035AFB9 /* help_3.png */ = {isa = PBXFileReference; lastKnownFileType = image.png; name = help_3.png; path = Assets/help/help_3.png; sourceTree = "<group>"; };
		EAE7CF9C1EF3297E0035AFB9 /* help_4.png */ = {isa = PBXFileReference; lastKnownFileType = image.png; name = help_4.png; path = Assets/help/help_4.png; sourceTree = "<group>"; };
		EAE7CF9D1EF3297E0035AFB9 /* help_5.png */ = {isa = PBXFileReference; lastKnownFileType = image.png; name = help_5.png; path = Assets/help/help_5.png; sourceTree = "<group>"; };
		EAE7CF9E1EF3297E0035AFB9 /* help_6.png */ = {isa = PBXFileReference; lastKnownFileType = image.png; name = help_6.png; path = Assets/help/help_6.png; sourceTree = "<group>"; };
		EAE7CF9F1EF3297E0035AFB9 /* help_7.png */ = {isa = PBXFileReference; lastKnownFileType = image.png; name = help_7.png; path = Assets/help/help_7.png; sourceTree = "<group>"; };
		EAE7CFA01EF3297E0035AFB9 /* help_8.png */ = {isa = PBXFileReference; lastKnownFileType = image.png; name = help_8.png; path = Assets/help/help_8.png; sourceTree = "<group>"; };
		EAE7CFA11EF3297E0035AFB9 /* help_9.png */ = {isa = PBXFileReference; lastKnownFileType = image.png; name = help_9.png; path = Assets/help/help_9.png; sourceTree = "<group>"; };
		EAE7CFA21EF3297E0035AFB9 /* help_10.png */ = {isa = PBXFileReference; lastKnownFileType = image.png; name = help_10.png; path = Assets/help/help_10.png; sourceTree = "<group>"; };
		EAE7CFB21EF32D190035AFB9 /* splash.jpg */ = {isa = PBXFileReference; lastKnownFileType = image.jpeg; name = splash.jpg; path = Assets/splash.jpg; sourceTree = "<group>"; };
		EAE9DBC71EDF138700416A03 /* buzzer.aiff */ = {isa = PBXFileReference; lastKnownFileType = audio.aiff; path = buzzer.aiff; sourceTree = "<group>"; };
		F8043F81F0CEB7B7024DD91C /* Pods_FaceHangman.framework */ = {isa = PBXFileReference; explicitFileType = wrapper.framework; includeInIndex = 0; path = Pods_FaceHangman.framework; sourceTree = BUILT_PRODUCTS_DIR; };
/* End PBXFileReference section */

/* Begin PBXFrameworksBuildPhase section */
		EA12D43C1ED40B750070D1F0 /* Frameworks */ = {
			isa = PBXFrameworksBuildPhase;
			buildActionMask = 2147483647;
			files = (
				1C4F313C0EFD9C1306DB43EC /* Pods_FaceHangman.framework in Frameworks */,
			);
			runOnlyForDeploymentPostprocessing = 0;
		};
/* End PBXFrameworksBuildPhase section */

/* Begin PBXGroup section */
		213A8A43B82826C49B85D2C2 /* Frameworks */ = {
			isa = PBXGroup;
			children = (
				F8043F81F0CEB7B7024DD91C /* Pods_FaceHangman.framework */,
			);
			name = Frameworks;
			sourceTree = "<group>";
		};
		221CE7C072DA40BA92BD76A6 /* Pods */ = {
			isa = PBXGroup;
			children = (
				D4D2102B49D7CC27E147FBCD /* Pods-FaceHangman.debug.xcconfig */,
				67957BD766C4A97413DA46DC /* Pods-FaceHangman.release.xcconfig */,
			);
			name = Pods;
			sourceTree = "<group>";
		};
		EA12D4361ED40B750070D1F0 = {
			isa = PBXGroup;
			children = (
				EA4F614C1ED49CE700526244 /* Assets */,
				EA12D4411ED40B750070D1F0 /* FaceHangman */,
				EA12D4401ED40B750070D1F0 /* Products */,
				221CE7C072DA40BA92BD76A6 /* Pods */,
				213A8A43B82826C49B85D2C2 /* Frameworks */,
			);
			sourceTree = "<group>";
		};
		EA12D4401ED40B750070D1F0 /* Products */ = {
			isa = PBXGroup;
			children = (
				EA12D43F1ED40B750070D1F0 /* FaceHangman.app */,
			);
			name = Products;
			sourceTree = "<group>";
		};
		EA12D4411ED40B750070D1F0 /* FaceHangman */ = {
			isa = PBXGroup;
			children = (
				EA12D4421ED40B750070D1F0 /* AppDelegate.swift */,
				EA12D4441ED40B750070D1F0 /* ViewController.swift */,
				EAE127191ED77FA500F72E0A /* FaceDetectorFilter.swift */,
				EA12D4541ED40BAD0070D1F0 /* FaceDetector.swift */,
				EA12D4561ED40BDC0070D1F0 /* HangmanGame.swift */,
			);
			path = FaceHangman;
			sourceTree = "<group>";
		};
		EA4F614C1ED49CE700526244 /* Assets */ = {
			isa = PBXGroup;
			children = (
				EA12D44E1ED40B750070D1F0 /* Info.plist */,
				EAB4139A1EF0116A00F5EB0E /* Settings.bundle */,
				EA12D4491ED40B750070D1F0 /* Assets.xcassets */,
				EAD02ABD1EEC6EB300AE6B73 /* LaunchScreen.storyboard */,
				EAB413981EF0111B00F5EB0E /* hangman */,
				EAB413971EF0111400F5EB0E /* eyes */,
				EAB413961EF010BF00F5EB0E /* audio */,
				EAB4137F1EF00D3D00F5EB0E /* help */,
			);
			name = Assets;
			sourceTree = "<group>";
		};
		EAB4137F1EF00D3D00F5EB0E /* help */ = {
			isa = PBXGroup;
			children = (
				EAE7CF981EF3297E0035AFB9 /* help_0.png */,
				EAE7CF991EF3297E0035AFB9 /* help_1.png */,
				EAE7CF9A1EF3297E0035AFB9 /* help_2.png */,
				EAE7CF9B1EF3297E0035AFB9 /* help_3.png */,
				EAE7CF9C1EF3297E0035AFB9 /* help_4.png */,
				EAE7CF9D1EF3297E0035AFB9 /* help_5.png */,
				EAE7CF9E1EF3297E0035AFB9 /* help_6.png */,
				EAE7CF9F1EF3297E0035AFB9 /* help_7.png */,
				EAE7CFA01EF3297E0035AFB9 /* help_8.png */,
				EAE7CFA11EF3297E0035AFB9 /* help_9.png */,
				EAE7CFA21EF3297E0035AFB9 /* help_10.png */,
			);
			name = help;
			sourceTree = "<group>";
		};
		EAB413961EF010BF00F5EB0E /* audio */ = {
			isa = PBXGroup;
			children = (
				EA0BA1171EDC24A30005E7D2 /* tick.aiff */,
				EA0BA1191EDC270B0005E7D2 /* blink.aiff */,
				EAE9DBC71EDF138700416A03 /* buzzer.aiff */,
				EA2785781EEF0FEE00C15FDE /* lost.aiff */,
				EA2785791EEF0FEE00C15FDE /* won.aiff */,
			);
			name = audio;
			sourceTree = "<group>";
		};
		EAB413971EF0111400F5EB0E /* eyes */ = {
			isa = PBXGroup;
			children = (
				EAE7CF7C1EF329540035AFB9 /* leftEye_AlmostClose.gif */,
				EAE7CF7D1EF329540035AFB9 /* leftEye_AlmostOpen.gif */,
				EAE7CF7E1EF329540035AFB9 /* leftEye_Blinking.gif */,
				EAE7CF7F1EF329540035AFB9 /* leftEye_Close.gif */,
				EAE7CF801EF329540035AFB9 /* leftEye_Closing.gif */,
				EAE7CF811EF329540035AFB9 /* leftEye_Open.gif */,
				EAE7CF821EF329540035AFB9 /* leftEye_Opening.gif */,
				EAE7CF8A1EF329600035AFB9 /* rightEye_AlmostClose.gif */,
				EAE7CF8B1EF329600035AFB9 /* rightEye_AlmostOpen.gif */,
				EAE7CF8C1EF329600035AFB9 /* rightEye_Blinking.gif */,
				EAE7CF8D1EF329600035AFB9 /* rightEye_Close.gif */,
				EAE7CF8E1EF329600035AFB9 /* rightEye_Closing.gif */,
				EAE7CF8F1EF329600035AFB9 /* rightEye_Open.gif */,
				EAE7CF901EF329600035AFB9 /* rightEye_Opening.gif */,
			);
			name = eyes;
			sourceTree = "<group>";
		};
		EAB413981EF0111B00F5EB0E /* hangman */ = {
			isa = PBXGroup;
			children = (
				EAE7CFB21EF32D190035AFB9 /* splash.jpg */,
				EAE7CF7A1EF329320035AFB9 /* faceMask.png */,
				EAE7CF661EF329270035AFB9 /* hangman_0.png */,
				EAE7CF671EF329270035AFB9 /* hangman_1.png */,
				EAE7CF681EF329270035AFB9 /* hangman_2.png */,
				EAE7CF691EF329270035AFB9 /* hangman_3.png */,
				EAE7CF6A1EF329270035AFB9 /* hangman_4.png */,
				EAE7CF6B1EF329270035AFB9 /* hangman_5.png */,
				EAE7CF6C1EF329270035AFB9 /* hangman_6.png */,
				EAE7CF6D1EF329270035AFB9 /* hangman_7.png */,
				EAE7CF6E1EF329270035AFB9 /* hangman_8.png */,
				EAE7CF6F1EF329270035AFB9 /* hangman_9.png */,
			);
			name = hangman;
			sourceTree = "<group>";
		};
/* End PBXGroup section */

/* Begin PBXNativeTarget section */
		EA12D43E1ED40B750070D1F0 /* FaceHangman */ = {
			isa = PBXNativeTarget;
			buildConfigurationList = EA12D4511ED40B750070D1F0 /* Build configuration list for PBXNativeTarget "FaceHangman" */;
			buildPhases = (
				4B12899D923DE8772C3180AE /* [CP] Check Pods Manifest.lock */,
				EA12D43B1ED40B750070D1F0 /* Sources */,
				EA12D43C1ED40B750070D1F0 /* Frameworks */,
				EA12D43D1ED40B750070D1F0 /* Resources */,
				50F580A006E3600FA0866F99 /* [CP] Embed Pods Frameworks */,
				AFB7253EFC148AE0929CE16F /* [CP] Copy Pods Resources */,
			);
			buildRules = (
			);
			dependencies = (
			);
			name = FaceHangman;
			productName = FaceHangman;
			productReference = EA12D43F1ED40B750070D1F0 /* FaceHangman.app */;
			productType = "com.apple.product-type.application";
		};
/* End PBXNativeTarget section */

/* Begin PBXProject section */
		EA12D4371ED40B750070D1F0 /* Project object */ = {
			isa = PBXProject;
			attributes = {
				LastSwiftUpdateCheck = 0830;
				LastUpgradeCheck = 0830;
				ORGANIZATIONNAME = Jacopo;
				TargetAttributes = {
					EA12D43E1ED40B750070D1F0 = {
						CreatedOnToolsVersion = 8.3.2;
						DevelopmentTeam = SV6W498A95;
						ProvisioningStyle = Automatic;
					};
				};
			};
			buildConfigurationList = EA12D43A1ED40B750070D1F0 /* Build configuration list for PBXProject "FaceHangman" */;
			compatibilityVersion = "Xcode 3.2";
			developmentRegion = English;
			hasScannedForEncodings = 0;
			knownRegions = (
				en,
				Base,
			);
			mainGroup = EA12D4361ED40B750070D1F0;
			productRefGroup = EA12D4401ED40B750070D1F0 /* Products */;
			projectDirPath = "";
			projectRoot = "";
			targets = (
				EA12D43E1ED40B750070D1F0 /* FaceHangman */,
			);
		};
/* End PBXProject section */

/* Begin PBXResourcesBuildPhase section */
		EA12D43D1ED40B750070D1F0 /* Resources */ = {
			isa = PBXResourcesBuildPhase;
			buildActionMask = 2147483647;
			files = (
				EAE7CF761EF329270035AFB9 /* hangman_6.png in Resources */,
				EAE9DBC81EDF138700416A03 /* buzzer.aiff in Resources */,
				EAE7CFA61EF3297E0035AFB9 /* help_3.png in Resources */,
				EAE7CF871EF329540035AFB9 /* leftEye_Closing.gif in Resources */,
				EAE7CF941EF329600035AFB9 /* rightEye_Close.gif in Resources */,
				EAE7CFA71EF3297E0035AFB9 /* help_4.png in Resources */,
				EAE7CF891EF329540035AFB9 /* leftEye_Opening.gif in Resources */,
				EAE7CF7B1EF329320035AFB9 /* faceMask.png in Resources */,
				EAE7CF781EF329270035AFB9 /* hangman_8.png in Resources */,
				EAE7CFA41EF3297E0035AFB9 /* help_1.png in Resources */,
				EAE7CF931EF329600035AFB9 /* rightEye_Blinking.gif in Resources */,
				EAE7CF791EF329270035AFB9 /* hangman_9.png in Resources */,
				EAE7CFA81EF3297E0035AFB9 /* help_5.png in Resources */,
				EAE7CFAA1EF3297E0035AFB9 /* help_7.png in Resources */,
				EAE7CF861EF329540035AFB9 /* leftEye_Close.gif in Resources */,
				EAE7CF731EF329270035AFB9 /* hangman_3.png in Resources */,
				EAE7CF831EF329540035AFB9 /* leftEye_AlmostClose.gif in Resources */,
				EAE7CF751EF329270035AFB9 /* hangman_5.png in Resources */,
				EAE7CF911EF329600035AFB9 /* rightEye_AlmostClose.gif in Resources */,
				EAE7CFA51EF3297E0035AFB9 /* help_2.png in Resources */,
				EAE7CF851EF329540035AFB9 /* leftEye_Blinking.gif in Resources */,
				EAE7CFAB1EF3297E0035AFB9 /* help_8.png in Resources */,
				EAE7CF841EF329540035AFB9 /* leftEye_AlmostOpen.gif in Resources */,
				EAE7CFAD1EF3297E0035AFB9 /* help_10.png in Resources */,
				EA12D44A1ED40B750070D1F0 /* Assets.xcassets in Resources */,
				EAE7CFA31EF3297E0035AFB9 /* help_0.png in Resources */,
				EAE7CF921EF329600035AFB9 /* rightEye_AlmostOpen.gif in Resources */,
				EA0BA1181EDC24A30005E7D2 /* tick.aiff in Resources */,
				EAB4139B1EF0116A00F5EB0E /* Settings.bundle in Resources */,
				EAD02ABE1EEC6EB300AE6B73 /* LaunchScreen.storyboard in Resources */,
				EAE7CFA91EF3297E0035AFB9 /* help_6.png in Resources */,
				EA27857B1EEF0FEE00C15FDE /* won.aiff in Resources */,
				EAE7CF711EF329270035AFB9 /* hangman_1.png in Resources */,
				EA27857A1EEF0FEE00C15FDE /* lost.aiff in Resources */,
				EAE7CF721EF329270035AFB9 /* hangman_2.png in Resources */,
				EAE7CF971EF329600035AFB9 /* rightEye_Opening.gif in Resources */,
				EAE7CF701EF329270035AFB9 /* hangman_0.png in Resources */,
				EA0BA11A1EDC270B0005E7D2 /* blink.aiff in Resources */,
				EAE7CFAC1EF3297E0035AFB9 /* help_9.png in Resources */,
				EAE7CFB31EF32D190035AFB9 /* splash.jpg in Resources */,
				EAE7CF771EF329270035AFB9 /* hangman_7.png in Resources */,
				EAE7CF951EF329600035AFB9 /* rightEye_Closing.gif in Resources */,
				EAE7CF741EF329270035AFB9 /* hangman_4.png in Resources */,
				EAE7CF961EF329600035AFB9 /* rightEye_Open.gif in Resources */,
				EAE7CF881EF329540035AFB9 /* leftEye_Open.gif in Resources */,
			);
			runOnlyForDeploymentPostprocessing = 0;
		};
/* End PBXResourcesBuildPhase section */

/* Begin PBXShellScriptBuildPhase section */
		4B12899D923DE8772C3180AE /* [CP] Check Pods Manifest.lock */ = {
			isa = PBXShellScriptBuildPhase;
			buildActionMask = 2147483647;
			files = (
			);
			inputPaths = (
			);
			name = "[CP] Check Pods Manifest.lock";
			outputPaths = (
			);
			runOnlyForDeploymentPostprocessing = 0;
			shellPath = /bin/sh;
			shellScript = "diff \"${PODS_ROOT}/../Podfile.lock\" \"${PODS_ROOT}/Manifest.lock\" > /dev/null\nif [ $? != 0 ] ; then\n    # print error to STDERR\n    echo \"error: The sandbox is not in sync with the Podfile.lock. Run 'pod install' or update your CocoaPods installation.\" >&2\n    exit 1\nfi\n";
			showEnvVarsInLog = 0;
		};
		50F580A006E3600FA0866F99 /* [CP] Embed Pods Frameworks */ = {
			isa = PBXShellScriptBuildPhase;
			buildActionMask = 2147483647;
			files = (
			);
			inputPaths = (
			);
			name = "[CP] Embed Pods Frameworks";
			outputPaths = (
			);
			runOnlyForDeploymentPostprocessing = 0;
			shellPath = /bin/sh;
			shellScript = "\"${SRCROOT}/Pods/Target Support Files/Pods-FaceHangman/Pods-FaceHangman-frameworks.sh\"\n";
			showEnvVarsInLog = 0;
		};
		AFB7253EFC148AE0929CE16F /* [CP] Copy Pods Resources */ = {
			isa = PBXShellScriptBuildPhase;
			buildActionMask = 2147483647;
			files = (
			);
			inputPaths = (
			);
			name = "[CP] Copy Pods Resources";
			outputPaths = (
			);
			runOnlyForDeploymentPostprocessing = 0;
			shellPath = /bin/sh;
			shellScript = "\"${SRCROOT}/Pods/Target Support Files/Pods-FaceHangman/Pods-FaceHangman-resources.sh\"\n";
			showEnvVarsInLog = 0;
		};
/* End PBXShellScriptBuildPhase section */

/* Begin PBXSourcesBuildPhase section */
		EA12D43B1ED40B750070D1F0 /* Sources */ = {
			isa = PBXSourcesBuildPhase;
			buildActionMask = 2147483647;
			files = (
				EAE1271A1ED77FA500F72E0A /* FaceDetectorFilter.swift in Sources */,
				EA12D4571ED40BDC0070D1F0 /* HangmanGame.swift in Sources */,
				EA12D4451ED40B750070D1F0 /* ViewController.swift in Sources */,
				EA12D4551ED40BAD0070D1F0 /* FaceDetector.swift in Sources */,
				EA12D4431ED40B750070D1F0 /* AppDelegate.swift in Sources */,
			);
			runOnlyForDeploymentPostprocessing = 0;
		};
/* End PBXSourcesBuildPhase section */

/* Begin XCBuildConfiguration section */
		EA12D44F1ED40B750070D1F0 /* Debug */ = {
			isa = XCBuildConfiguration;
			buildSettings = {
				ALWAYS_SEARCH_USER_PATHS = NO;
				CLANG_ANALYZER_NONNULL = YES;
				CLANG_ANALYZER_NUMBER_OBJECT_CONVERSION = YES_AGGRESSIVE;
				CLANG_CXX_LANGUAGE_STANDARD = "gnu++0x";
				CLANG_CXX_LIBRARY = "libc++";
				CLANG_ENABLE_MODULES = YES;
				CLANG_ENABLE_OBJC_ARC = YES;
				CLANG_WARN_BOOL_CONVERSION = YES;
				CLANG_WARN_CONSTANT_CONVERSION = YES;
				CLANG_WARN_DIRECT_OBJC_ISA_USAGE = YES_ERROR;
				CLANG_WARN_DOCUMENTATION_COMMENTS = YES;
				CLANG_WARN_EMPTY_BODY = YES;
				CLANG_WARN_ENUM_CONVERSION = YES;
				CLANG_WARN_INFINITE_RECURSION = YES;
				CLANG_WARN_INT_CONVERSION = YES;
				CLANG_WARN_OBJC_ROOT_CLASS = YES_ERROR;
				CLANG_WARN_SUSPICIOUS_MOVE = YES;
				CLANG_WARN_UNREACHABLE_CODE = YES;
				CLANG_WARN__DUPLICATE_METHOD_MATCH = YES;
				"CODE_SIGN_IDENTITY[sdk=iphoneos*]" = "iPhone Developer";
				COPY_PHASE_STRIP = NO;
				DEBUG_INFORMATION_FORMAT = dwarf;
				ENABLE_STRICT_OBJC_MSGSEND = YES;
				ENABLE_TESTABILITY = YES;
				GCC_C_LANGUAGE_STANDARD = gnu99;
				GCC_DYNAMIC_NO_PIC = NO;
				GCC_NO_COMMON_BLOCKS = YES;
				GCC_OPTIMIZATION_LEVEL = 0;
				GCC_PREPROCESSOR_DEFINITIONS = (
					"DEBUG=1",
					"$(inherited)",
				);
				GCC_WARN_64_TO_32_BIT_CONVERSION = YES;
				GCC_WARN_ABOUT_RETURN_TYPE = YES_ERROR;
				GCC_WARN_UNDECLARED_SELECTOR = YES;
				GCC_WARN_UNINITIALIZED_AUTOS = YES_AGGRESSIVE;
				GCC_WARN_UNUSED_FUNCTION = YES;
				GCC_WARN_UNUSED_VARIABLE = YES;
				IPHONEOS_DEPLOYMENT_TARGET = 10.3;
				MTL_ENABLE_DEBUG_INFO = YES;
				ONLY_ACTIVE_ARCH = YES;
				SDKROOT = iphoneos;
				SWIFT_ACTIVE_COMPILATION_CONDITIONS = DEBUG;
				SWIFT_OPTIMIZATION_LEVEL = "-Onone";
				TARGETED_DEVICE_FAMILY = 2;
			};
			name = Debug;
		};
		EA12D4501ED40B750070D1F0 /* Release */ = {
			isa = XCBuildConfiguration;
			buildSettings = {
				ALWAYS_SEARCH_USER_PATHS = NO;
				CLANG_ANALYZER_NONNULL = YES;
				CLANG_ANALYZER_NUMBER_OBJECT_CONVERSION = YES_AGGRESSIVE;
				CLANG_CXX_LANGUAGE_STANDARD = "gnu++0x";
				CLANG_CXX_LIBRARY = "libc++";
				CLANG_ENABLE_MODULES = YES;
				CLANG_ENABLE_OBJC_ARC = YES;
				CLANG_WARN_BOOL_CONVERSION = YES;
				CLANG_WARN_CONSTANT_CONVERSION = YES;
				CLANG_WARN_DIRECT_OBJC_ISA_USAGE = YES_ERROR;
				CLANG_WARN_DOCUMENTATION_COMMENTS = YES;
				CLANG_WARN_EMPTY_BODY = YES;
				CLANG_WARN_ENUM_CONVERSION = YES;
				CLANG_WARN_INFINITE_RECURSION = YES;
				CLANG_WARN_INT_CONVERSION = YES;
				CLANG_WARN_OBJC_ROOT_CLASS = YES_ERROR;
				CLANG_WARN_SUSPICIOUS_MOVE = YES;
				CLANG_WARN_UNREACHABLE_CODE = YES;
				CLANG_WARN__DUPLICATE_METHOD_MATCH = YES;
				"CODE_SIGN_IDENTITY[sdk=iphoneos*]" = "iPhone Developer";
				COPY_PHASE_STRIP = NO;
				DEBUG_INFORMATION_FORMAT = "dwarf-with-dsym";
				ENABLE_NS_ASSERTIONS = NO;
				ENABLE_STRICT_OBJC_MSGSEND = YES;
				GCC_C_LANGUAGE_STANDARD = gnu99;
				GCC_NO_COMMON_BLOCKS = YES;
				GCC_WARN_64_TO_32_BIT_CONVERSION = YES;
				GCC_WARN_ABOUT_RETURN_TYPE = YES_ERROR;
				GCC_WARN_UNDECLARED_SELECTOR = YES;
				GCC_WARN_UNINITIALIZED_AUTOS = YES_AGGRESSIVE;
				GCC_WARN_UNUSED_FUNCTION = YES;
				GCC_WARN_UNUSED_VARIABLE = YES;
				IPHONEOS_DEPLOYMENT_TARGET = 10.3;
				MTL_ENABLE_DEBUG_INFO = NO;
				SDKROOT = iphoneos;
				SWIFT_OPTIMIZATION_LEVEL = "-Owholemodule";
				TARGETED_DEVICE_FAMILY = 2;
				VALIDATE_PRODUCT = YES;
			};
			name = Release;
		};
		EA12D4521ED40B750070D1F0 /* Debug */ = {
			isa = XCBuildConfiguration;
			baseConfigurationReference = D4D2102B49D7CC27E147FBCD /* Pods-FaceHangman.debug.xcconfig */;
			buildSettings = {
				ALWAYS_EMBED_SWIFT_STANDARD_LIBRARIES = YES;
				ASSETCATALOG_COMPILER_APPICON_NAME = AppIcon;
				"CODE_SIGN_IDENTITY[sdk=iphoneos*]" = "iPhone Developer";
				DEVELOPMENT_TEAM = "";
				INFOPLIST_FILE = FaceHangman/Info.plist;
				IPHONEOS_DEPLOYMENT_TARGET = 10.0;
				LD_RUNPATH_SEARCH_PATHS = "$(inherited) @executable_path/Frameworks";
				PRODUCT_BUNDLE_IDENTIFIER = com.jacopomangiavacchi.FaceHangman;
				PRODUCT_NAME = "$(TARGET_NAME)";
				PROVISIONING_PROFILE = "";
				PROVISIONING_PROFILE_SPECIFIER = "";
				SWIFT_VERSION = 3.0;
				TARGETED_DEVICE_FAMILY = "1,2";
			};
			name = Debug;
		};
		EA12D4531ED40B750070D1F0 /* Release */ = {
			isa = XCBuildConfiguration;
			baseConfigurationReference = 67957BD766C4A97413DA46DC /* Pods-FaceHangman.release.xcconfig */;
			buildSettings = {
				ALWAYS_EMBED_SWIFT_STANDARD_LIBRARIES = YES;
				ASSETCATALOG_COMPILER_APPICON_NAME = AppIcon;
				"CODE_SIGN_IDENTITY[sdk=iphoneos*]" = "iPhone Developer";
				DEVELOPMENT_TEAM = "";
				INFOPLIST_FILE = FaceHangman/Info.plist;
				IPHONEOS_DEPLOYMENT_TARGET = 10.0;
				LD_RUNPATH_SEARCH_PATHS = "$(inherited) @executable_path/Frameworks";
				PRODUCT_BUNDLE_IDENTIFIER = com.jacopomangiavacchi.FaceHangman;
				PRODUCT_NAME = "$(TARGET_NAME)";
				PROVISIONING_PROFILE = "";
				PROVISIONING_PROFILE_SPECIFIER = "";
				SWIFT_VERSION = 3.0;
				TARGETED_DEVICE_FAMILY = "1,2";
			};
			name = Release;
		};
/* End XCBuildConfiguration section */

/* Begin XCConfigurationList section */
		EA12D43A1ED40B750070D1F0 /* Build configuration list for PBXProject "FaceHangman" */ = {
			isa = XCConfigurationList;
			buildConfigurations = (
				EA12D44F1ED40B750070D1F0 /* Debug */,
				EA12D4501ED40B750070D1F0 /* Release */,
			);
			defaultConfigurationIsVisible = 0;
			defaultConfigurationName = Release;
		};
		EA12D4511ED40B750070D1F0 /* Build configuration list for PBXNativeTarget "FaceHangman" */ = {
			isa = XCConfigurationList;
			buildConfigurations = (
				EA12D4521ED40B750070D1F0 /* Debug */,
				EA12D4531ED40B750070D1F0 /* Release */,
			);
			defaultConfigurationIsVisible = 0;
			defaultConfigurationName = Release;
		};
/* End XCConfigurationList section */
	};
	rootObject = EA12D4371ED40B750070D1F0 /* Project object */;
}
