PODS:
  - Alamofire (4.4.0)
  - Gifu (2.0.0)
  - SwiftCarousel (0.8.0)

DEPENDENCIES:
  - Alamofire (~> 4.4)
  - Gifu
  - SwiftCarousel

SPEC CHECKSUMS:
  Alamofire: dc44b1600b800eb63da6a19039a0083d62a6a62d
  Gifu: 56a4d8f1092399159fa32662aa2232158b48d8ac
  SwiftCarousel: a62f4e9b944d1bca4ccfe3f28abb6119e3e36b12

PODFILE CHECKSUM: 1674b3c1fed89fddb871e22ea3dff0cb1b75d3bf

COCOAPODS: 1.2.0
